
Microsoft Visual Studio Solution File, Format Version 12.00
# Visual Studio Version 16
VisualStudioVersion = 16.0.31321.278
MinimumVisualStudioVersion = 10.0.40219.1
Project("{FAE04EC0-301F-11D3-BF4B-00C04F79EFBC}") = "Parser", "Parser\Parser.csproj", "{C640E27D-2CB1-4B87-8C21-D5B11F073532}"
EndProject
Project("{FAE04EC0-301F-11D3-BF4B-00C04F79EFBC}") = "ConsoleParser", "ConsoleParser\ConsoleParser.csproj", "{48A26332-51B3-497A-A8E6-9DF1EC45F312}"
EndProject
Global
	GlobalSection(SolutionConfigurationPlatforms) = preSolution
		Debug|Any CPU = Debug|Any CPU
		Release|Any CPU = Release|Any CPU
	EndGlobalSection
	GlobalSection(ProjectConfigurationPlatforms) = postSolution
		{C640E27D-2CB1-4B87-8C21-D5B11F073532}.Debug|Any CPU.ActiveCfg = Debug|Any CPU
		{C640E27D-2CB1-4B87-8C21-D5B11F073532}.Debug|Any CPU.Build.0 = Debug|Any CPU
		{C640E27D-2CB1-4B87-8C21-D5B11F073532}.Release|Any CPU.ActiveCfg = Release|Any CPU
		{C640E27D-2CB1-4B87-8C21-D5B11F073532}.Release|Any CPU.Build.0 = Release|Any CPU
		{48A26332-51B3-497A-A8E6-9DF1EC45F312}.Debug|Any CPU.ActiveCfg = Debug|Any CPU
		{48A26332-51B3-497A-A8E6-9DF1EC45F312}.Debug|Any CPU.Build.0 = Debug|Any CPU
		{48A26332-51B3-497A-A8E6-9DF1EC45F312}.Release|Any CPU.ActiveCfg = Release|Any CPU
		{48A26332-51B3-497A-A8E6-9DF1EC45F312}.Release|Any CPU.Build.0 = Release|Any CPU
	EndGlobalSection
	GlobalSection(SolutionProperties) = preSolution
		HideSolutionNode = FALSE
	EndGlobalSection
	GlobalSection(ExtensibilityGlobals) = postSolution
		SolutionGuid = {79AD29AF-25C6-4FF1-9605-1EA908DF32EB}
	EndGlobalSection
EndGlobal
